
Microsoft Visual Studio Solution File, Format Version 12.00
# Visual Studio 15
VisualStudioVersion = 15.0.28010.2050
MinimumVisualStudioVersion = 10.0.40219.1
Project("{FAE04EC0-301F-11D3-BF4B-00C04F79EFBC}") = "Hoofdstuk_6_strings", "Hoofdstuk_6_strings\Hoofdstuk_6_strings.csproj", "{3F1F4F95-5F83-4F29-95A4-50652DB41540}"
EndProject
Global
	GlobalSection(SolutionConfigurationPlatforms) = preSolution
		Debug|Any CPU = Debug|Any CPU
		Release|Any CPU = Release|Any CPU
	EndGlobalSection
	GlobalSection(ProjectConfigurationPlatforms) = postSolution
		{3F1F4F95-5F83-4F29-95A4-50652DB41540}.Debug|Any CPU.ActiveCfg = Debug|Any CPU
		{3F1F4F95-5F83-4F29-95A4-50652DB41540}.Debug|Any CPU.Build.0 = Debug|Any CPU
		{3F1F4F95-5F83-4F29-95A4-50652DB41540}.Release|Any CPU.ActiveCfg = Release|Any CPU
		{3F1F4F95-5F83-4F29-95A4-50652DB41540}.Release|Any CPU.Build.0 = Release|Any CPU
	EndGlobalSection
	GlobalSection(SolutionProperties) = preSolution
		HideSolutionNode = FALSE
	EndGlobalSection
	GlobalSection(ExtensibilityGlobals) = postSolution
		SolutionGuid = {B5A9D2E3-D503-4689-A10C-88ACAD38E106}
	EndGlobalSection
EndGlobal
